
Microsoft Visual Studio Solution File, Format Version 12.00
# Visual Studio Version 16
VisualStudioVersion = 16.0.31313.79
MinimumVisualStudioVersion = 10.0.40219.1
Project("{FAE04EC0-301F-11D3-BF4B-00C04F79EFBC}") = "ConsoleChatBot", "ConsoleChatBot\ConsoleChatBot.csproj", "{711B522F-681F-4AC0-AFEC-EB6A4480DFFA}"
	ProjectSection(ProjectDependencies) = postProject
		{56789BCA-0348-4EFC-BC59-B6F5E1FC733C} = {56789BCA-0348-4EFC-BC59-B6F5E1FC733C}
	EndProjectSection
EndProject
Project("{FAE04EC0-301F-11D3-BF4B-00C04F79EFBC}") = "ClassLibraryChatBot", "ClassLibraryChatBot\ClassLibraryChatBot.csproj", "{56789BCA-0348-4EFC-BC59-B6F5E1FC733C}"
EndProject
Global
	GlobalSection(SolutionConfigurationPlatforms) = preSolution
		Debug|Any CPU = Debug|Any CPU
		Release|Any CPU = Release|Any CPU
	EndGlobalSection
	GlobalSection(ProjectConfigurationPlatforms) = postSolution
		{711B522F-681F-4AC0-AFEC-EB6A4480DFFA}.Debug|Any CPU.ActiveCfg = Debug|Any CPU
		{711B522F-681F-4AC0-AFEC-EB6A4480DFFA}.Debug|Any CPU.Build.0 = Debug|Any CPU
		{711B522F-681F-4AC0-AFEC-EB6A4480DFFA}.Release|Any CPU.ActiveCfg = Release|Any CPU
		{711B522F-681F-4AC0-AFEC-EB6A4480DFFA}.Release|Any CPU.Build.0 = Release|Any CPU
		{56789BCA-0348-4EFC-BC59-B6F5E1FC733C}.Debug|Any CPU.ActiveCfg = Debug|Any CPU
		{56789BCA-0348-4EFC-BC59-B6F5E1FC733C}.Debug|Any CPU.Build.0 = Debug|Any CPU
		{56789BCA-0348-4EFC-BC59-B6F5E1FC733C}.Release|Any CPU.ActiveCfg = Release|Any CPU
		{56789BCA-0348-4EFC-BC59-B6F5E1FC733C}.Release|Any CPU.Build.0 = Release|Any CPU
	EndGlobalSection
	GlobalSection(SolutionProperties) = preSolution
		HideSolutionNode = FALSE
	EndGlobalSection
	GlobalSection(ExtensibilityGlobals) = postSolution
		SolutionGuid = {82685E5B-70BB-4D45-8961-4407D527DED5}
	EndGlobalSection
EndGlobal
